{
  "name": "lp5562",
  "version": "0.1.0",
  "lockfileVersion": 1,
  "dependencies": {
    "@types/core-js": {
      "version": "0.9.41",
      "resolved": "https://registry.npmjs.org/@types/core-js/-/core-js-0.9.41.tgz",
      "integrity": "sha1-z+zrY8K+qin4giUsfBjg6Ucf9OI="
    },
    "colors": {
      "version": "0.5.1",
      "resolved": "https://registry.npmjs.org/colors/-/colors-0.5.1.tgz",
      "integrity": "sha1-fQAj6usVTo7p/Oddy5I9DtFmd3Q="
    },
    "core-js": {
      "version": "2.4.1",
      "resolved": "https://registry.npmjs.org/core-js/-/core-js-2.4.1.tgz",
      "integrity": "sha1-TekR5mew6ukSTjQlS1OupvxhjT4="
    },
    "discontinuous-range": {
      "version": "1.0.0",
      "resolved": "https://registry.npmjs.org/discontinuous-range/-/discontinuous-range-1.0.0.tgz",
      "integrity": "sha1-44Mx8IRLukm5qctxx3FYWqsbxlo="
    },
    "nearley": {
      "version": "2.10.0",
      "resolved": "https://registry.npmjs.org/nearley/-/nearley-2.10.0.tgz",
      "integrity": "sha1-PKLwhuqeBHdzTngBsBXFESffI8w="
    },
    "nomnom": {
      "version": "1.6.2",
      "resolved": "https://registry.npmjs.org/nomnom/-/nomnom-1.6.2.tgz",
      "integrity": "sha1-hKZqJgF0QI/Ft3oY+IjszET7aXE="
    },
    "railroad-diagrams": {
      "version": "1.0.0",
      "resolved": "https://registry.npmjs.org/railroad-diagrams/-/railroad-diagrams-1.0.0.tgz",
      "integrity": "sha1-635iZ1SN3t+4mcG5Dlc3RVnN234="
    },
    "randexp": {
      "version": "0.4.5",
      "resolved": "https://registry.npmjs.org/randexp/-/randexp-0.4.5.tgz",
      "integrity": "sha1-/+OoDD9mbNceawCOR35YTBoy/z4="
    },
    "ret": {
      "version": "0.1.14",
      "resolved": "https://registry.npmjs.org/ret/-/ret-0.1.14.tgz",
      "integrity": "sha1-WMY2g3sS4WH4o4DPCBxqIw/RZk4="
    },
    "underscore": {
      "version": "1.4.4",
      "resolved": "https://registry.npmjs.org/underscore/-/underscore-1.4.4.tgz",
      "integrity": "sha1-YaajIBBiKvoHljvzJSA88SI51gQ="
    }
  }
}
